
Microsoft Visual Studio Solution File, Format Version 12.00
# Visual Studio Version 16
VisualStudioVersion = 16.0.31702.278
MinimumVisualStudioVersion = 10.0.40219.1
Project("{FAE04EC0-301F-11D3-BF4B-00C04F79EFBC}") = "1091421_hw7", "1091421_hw7.csproj", "{EFCA5093-969D-41C0-BD49-BD3021688B6C}"
EndProject
Global
	GlobalSection(SolutionConfigurationPlatforms) = preSolution
		Debug|Any CPU = Debug|Any CPU
		Release|Any CPU = Release|Any CPU
	EndGlobalSection
	GlobalSection(ProjectConfigurationPlatforms) = postSolution
		{EFCA5093-969D-41C0-BD49-BD3021688B6C}.Debug|Any CPU.ActiveCfg = Debug|Any CPU
		{EFCA5093-969D-41C0-BD49-BD3021688B6C}.Debug|Any CPU.Build.0 = Debug|Any CPU
		{EFCA5093-969D-41C0-BD49-BD3021688B6C}.Release|Any CPU.ActiveCfg = Release|Any CPU
		{EFCA5093-969D-41C0-BD49-BD3021688B6C}.Release|Any CPU.Build.0 = Release|Any CPU
	EndGlobalSection
	GlobalSection(SolutionProperties) = preSolution
		HideSolutionNode = FALSE
	EndGlobalSection
	GlobalSection(ExtensibilityGlobals) = postSolution
		SolutionGuid = {550CEA4C-0ECF-4AEB-88F4-C7BC8886E5AF}
	EndGlobalSection
EndGlobal
